
Microsoft Visual Studio Solution File, Format Version 12.00
# Visual Studio 15
Project("{FAE04EC0-301F-11D3-BF4B-00C04F79EFBC}") = "Assembly-CSharp", "Assembly-CSharp.csproj", "{0CDA3A10-AF4B-B572-DFB0-4809CF0F4C5E}"
EndProject
Project("{FAE04EC0-301F-11D3-BF4B-00C04F79EFBC}") = "Assembly-CSharp-Editor", "Assembly-CSharp-Editor.csproj", "{74CD94E8-171B-D3FA-9EC4-3E12DC436122}"
EndProject
Global
	GlobalSection(SolutionConfigurationPlatforms) = preSolution
		Debug|Any CPU = Debug|Any CPU
		Release|Any CPU = Release|Any CPU
	EndGlobalSection
	GlobalSection(ProjectConfigurationPlatforms) = postSolution
		{0CDA3A10-AF4B-B572-DFB0-4809CF0F4C5E}.Debug|Any CPU.ActiveCfg = Debug|Any CPU
		{0CDA3A10-AF4B-B572-DFB0-4809CF0F4C5E}.Debug|Any CPU.Build.0 = Debug|Any CPU
		{0CDA3A10-AF4B-B572-DFB0-4809CF0F4C5E}.Release|Any CPU.ActiveCfg = Release|Any CPU
		{0CDA3A10-AF4B-B572-DFB0-4809CF0F4C5E}.Release|Any CPU.Build.0 = Release|Any CPU
		{74CD94E8-171B-D3FA-9EC4-3E12DC436122}.Debug|Any CPU.ActiveCfg = Debug|Any CPU
		{74CD94E8-171B-D3FA-9EC4-3E12DC436122}.Debug|Any CPU.Build.0 = Debug|Any CPU
		{74CD94E8-171B-D3FA-9EC4-3E12DC436122}.Release|Any CPU.ActiveCfg = Release|Any CPU
		{74CD94E8-171B-D3FA-9EC4-3E12DC436122}.Release|Any CPU.Build.0 = Release|Any CPU
	EndGlobalSection
	GlobalSection(SolutionProperties) = preSolution
		HideSolutionNode = FALSE
	EndGlobalSection
EndGlobal
